
Microsoft Visual Studio Solution File, Format Version 12.00
# Visual Studio Version 17
VisualStudioVersion = 17.8.34322.80
MinimumVisualStudioVersion = 10.0.40219.1
Project("{FAE04EC0-301F-11D3-BF4B-00C04F79EFBC}") = "01AverageArray", "01AverageArray\01AverageArray.csproj", "{36702E8C-A04A-41CF-9F0E-648467E87ECB}"
EndProject
Global
	GlobalSection(SolutionConfigurationPlatforms) = preSolution
		Debug|Any CPU = Debug|Any CPU
		Release|Any CPU = Release|Any CPU
	EndGlobalSection
	GlobalSection(ProjectConfigurationPlatforms) = postSolution
		{36702E8C-A04A-41CF-9F0E-648467E87ECB}.Debug|Any CPU.ActiveCfg = Debug|Any CPU
		{36702E8C-A04A-41CF-9F0E-648467E87ECB}.Debug|Any CPU.Build.0 = Debug|Any CPU
		{36702E8C-A04A-41CF-9F0E-648467E87ECB}.Release|Any CPU.ActiveCfg = Release|Any CPU
		{36702E8C-A04A-41CF-9F0E-648467E87ECB}.Release|Any CPU.Build.0 = Release|Any CPU
	EndGlobalSection
	GlobalSection(SolutionProperties) = preSolution
		HideSolutionNode = FALSE
	EndGlobalSection
	GlobalSection(ExtensibilityGlobals) = postSolution
		SolutionGuid = {A5FFB290-1CC9-4AF9-8B40-39E4986FE04D}
	EndGlobalSection
EndGlobal
